
Microsoft Visual Studio Solution File, Format Version 12.00
# Visual Studio Version 17
VisualStudioVersion = 17.14.36203.30 d17.14
MinimumVisualStudioVersion = 10.0.40219.1
Project("{8BC9CEB8-8B4A-11D0-8D11-00A0C91BC942}") = "w1toh3Bit", "w1toh3Bit\w1toh3Bit.vcxproj", "{FDF560D7-170B-4329-BD6C-4BC73038DCAE}"
EndProject
Global
	GlobalSection(SolutionConfigurationPlatforms) = preSolution
		Debug|x64 = Debug|x64
		Debug|x86 = Debug|x86
		Release|x64 = Release|x64
		Release|x86 = Release|x86
	EndGlobalSection
	GlobalSection(ProjectConfigurationPlatforms) = postSolution
		{FDF560D7-170B-4329-BD6C-4BC73038DCAE}.Debug|x64.ActiveCfg = Debug|x64
		{FDF560D7-170B-4329-BD6C-4BC73038DCAE}.Debug|x64.Build.0 = Debug|x64
		{FDF560D7-170B-4329-BD6C-4BC73038DCAE}.Debug|x86.ActiveCfg = Debug|Win32
		{FDF560D7-170B-4329-BD6C-4BC73038DCAE}.Debug|x86.Build.0 = Debug|Win32
		{FDF560D7-170B-4329-BD6C-4BC73038DCAE}.Release|x64.ActiveCfg = Release|x64
		{FDF560D7-170B-4329-BD6C-4BC73038DCAE}.Release|x64.Build.0 = Release|x64
		{FDF560D7-170B-4329-BD6C-4BC73038DCAE}.Release|x86.ActiveCfg = Release|Win32
		{FDF560D7-170B-4329-BD6C-4BC73038DCAE}.Release|x86.Build.0 = Release|Win32
	EndGlobalSection
	GlobalSection(SolutionProperties) = preSolution
		HideSolutionNode = FALSE
	EndGlobalSection
	GlobalSection(ExtensibilityGlobals) = postSolution
		SolutionGuid = {9D756065-6A2C-4003-864A-5DC42D4FA04B}
	EndGlobalSection
EndGlobal
