
Microsoft Visual Studio Solution File, Format Version 12.00
# Visual Studio Version 17
VisualStudioVersion = 17.14.36203.30 d17.14
MinimumVisualStudioVersion = 10.0.40219.1
Project("{8BC9CEB8-8B4A-11D0-8D11-00A0C91BC942}") = "w6charStacks", "w6charStacks\w6charStacks.vcxproj", "{63282F7F-E94A-46C9-A301-352807DC3644}"
EndProject
Global
	GlobalSection(SolutionConfigurationPlatforms) = preSolution
		Debug|x64 = Debug|x64
		Debug|x86 = Debug|x86
		Release|x64 = Release|x64
		Release|x86 = Release|x86
	EndGlobalSection
	GlobalSection(ProjectConfigurationPlatforms) = postSolution
		{63282F7F-E94A-46C9-A301-352807DC3644}.Debug|x64.ActiveCfg = Debug|x64
		{63282F7F-E94A-46C9-A301-352807DC3644}.Debug|x64.Build.0 = Debug|x64
		{63282F7F-E94A-46C9-A301-352807DC3644}.Debug|x86.ActiveCfg = Debug|Win32
		{63282F7F-E94A-46C9-A301-352807DC3644}.Debug|x86.Build.0 = Debug|Win32
		{63282F7F-E94A-46C9-A301-352807DC3644}.Release|x64.ActiveCfg = Release|x64
		{63282F7F-E94A-46C9-A301-352807DC3644}.Release|x64.Build.0 = Release|x64
		{63282F7F-E94A-46C9-A301-352807DC3644}.Release|x86.ActiveCfg = Release|Win32
		{63282F7F-E94A-46C9-A301-352807DC3644}.Release|x86.Build.0 = Release|Win32
	EndGlobalSection
	GlobalSection(SolutionProperties) = preSolution
		HideSolutionNode = FALSE
	EndGlobalSection
	GlobalSection(ExtensibilityGlobals) = postSolution
		SolutionGuid = {AA7A27F6-D856-4607-B500-3CC4A08B5315}
	EndGlobalSection
EndGlobal
